
Microsoft Visual Studio Solution File, Format Version 12.00
# Visual Studio Version 16
VisualStudioVersion = 16.0.31112.23
MinimumVisualStudioVersion = 10.0.40219.1
Project("{FAE04EC0-301F-11D3-BF4B-00C04F79EFBC}") = "测试Git", "测试Git\测试Git.csproj", "{CF79C4C8-77CA-4F87-9F4C-6AA9F459A03D}"
EndProject
Global
	GlobalSection(SolutionConfigurationPlatforms) = preSolution
		Debug|Any CPU = Debug|Any CPU
		Release|Any CPU = Release|Any CPU
	EndGlobalSection
	GlobalSection(ProjectConfigurationPlatforms) = postSolution
		{CF79C4C8-77CA-4F87-9F4C-6AA9F459A03D}.Debug|Any CPU.ActiveCfg = Debug|Any CPU
		{CF79C4C8-77CA-4F87-9F4C-6AA9F459A03D}.Debug|Any CPU.Build.0 = Debug|Any CPU
		{CF79C4C8-77CA-4F87-9F4C-6AA9F459A03D}.Release|Any CPU.ActiveCfg = Release|Any CPU
		{CF79C4C8-77CA-4F87-9F4C-6AA9F459A03D}.Release|Any CPU.Build.0 = Release|Any CPU
	EndGlobalSection
	GlobalSection(SolutionProperties) = preSolution
		HideSolutionNode = FALSE
	EndGlobalSection
	GlobalSection(ExtensibilityGlobals) = postSolution
		SolutionGuid = {EF9973B2-3D62-4C5F-AFE3-85E9FEC292B2}
	EndGlobalSection
EndGlobal
